github.com/Potsdam-Sensors/waveshare-lte-hat-pi/wavesharecomm v0.0.0-20240514150704-531c89ae3ce8 h1:MG3i5V/KXAbYb3H76WaIJ/klNNJw8spW4DLD/qgvxRY=
github.com/Potsdam-Sensors/waveshare-lte-hat-pi/wavesharecomm v0.0.0-20240514150704-531c89ae3ce8/go.mod h1:PzHi1zKa4/J7l/spZRpITvn0FZoQZ75pk/A2ONGYavE=
github.com/jacobsa/go-serial v0.0.0-20180131005756-15cf729a72d4 h1:G2ztCwXov8mRvP0ZfjE6nAlaCX2XbykaeHdbT6KwDz0=
github.com/jacobsa/go-serial v0.0.0-20180131005756-15cf729a72d4/go.mod h1:2RvX5ZjVtsznNZPEt4xwJXNJrM3VTZoQf7V6gk0ysvs=
golang.org/x/sys v0.20.0 h1:Od9JTbYCk261bKm4M/mw7AklTlFYIa0bIp9BgSm1S8Y=
golang.org/x/sys v0.20.0/go.mod h1:/VUhepiaJMQUp4+oa/7Zr1D23ma6VTLIYjOOTFZPUcA=
